Microsoft Visual Studio Solution File, Format Version 12.00
# Visual Studio 2013
Project("{8BC9CEB8-8B4A-11D0-8D11-00A0C91BC942}") = "ALL_BUILD", "ALL_BUILD.vcxproj", "{98281117-2C89-34D7-937E-3C07DBF77930}"
	ProjectSection(ProjectDependencies) = postProject
		{8016A145-8283-3D1A-9641-354DA726B948} = {8016A145-8283-3D1A-9641-354DA726B948}
		{B8A15D6C-486F-3AEA-B425-BE6EC1D83FC6} = {B8A15D6C-486F-3AEA-B425-BE6EC1D83FC6}
		{00160730-F1E3-3235-B4D1-EE66131A8A9B} = {00160730-F1E3-3235-B4D1-EE66131A8A9B}
		{8B633383-9DAA-3A4A-97A2-AEA278F33A26} = {8B633383-9DAA-3A4A-97A2-AEA278F33A26}
		{A1BEA56D-2861-30B4-8982-0706174ED953} = {A1BEA56D-2861-30B4-8982-0706174ED953}
		{FC62FB24-D55F-3B29-9E3B-70A78F3C4C63} = {FC62FB24-D55F-3B29-9E3B-70A78F3C4C63}
		{86A1B49D-6A61-3B6D-8E7B-CB6C968D5F9C} = {86A1B49D-6A61-3B6D-8E7B-CB6C968D5F9C}
		{FB771B72-BA6F-3C4B-BAA9-C3A6D2A30DA8} = {FB771B72-BA6F-3C4B-BAA9-C3A6D2A30DA8}
		{00458991-5030-3256-A8A5-0B2CBB64818B} = {00458991-5030-3256-A8A5-0B2CBB64818B}
		{8BD4F55E-F1B1-30E8-A326-941388498D62} = {8BD4F55E-F1B1-30E8-A326-941388498D62}
		{6D00A6C8-ED83-379D-B07C-143A1893C163} = {6D00A6C8-ED83-379D-B07C-143A1893C163}
		{D5B660F7-A97A-3FB1-8976-86F0C63CEBDB} = {D5B660F7-A97A-3FB1-8976-86F0C63CEBDB}
		{82B3A7AB-D1B2-3477-930F-C53E46D265FA} = {82B3A7AB-D1B2-3477-930F-C53E46D265FA}
		{58A81DD6-558B-325C-9B5D-35FD57825DB5} = {58A81DD6-558B-325C-9B5D-35FD57825DB5}
		{78587F11-E4A1-3B33-B52F-90BFAA6E71CE} = {78587F11-E4A1-3B33-B52F-90BFAA6E71CE}
		{E8109CF0-40D3-3FF8-A4FB-66CE7762F10E} = {E8109CF0-40D3-3FF8-A4FB-66CE7762F10E}
		{D6D2B982-253F-3E54-BD1F-5A168360CD1A} = {D6D2B982-253F-3E54-BD1F-5A168360CD1A}
		{7CF54AD5-A822-336D-B70A-6657CDC83DD3} = {7CF54AD5-A822-336D-B70A-6657CDC83DD3}
		{C7C50534-2791-3355-B25A-1ECD4F4851C1} = {C7C50534-2791-3355-B25A-1ECD4F4851C1}
		{8F47BD17-8815-3785-97DC-C581C80D74D3} = {8F47BD17-8815-3785-97DC-C581C80D74D3}
		{520B86EC-931C-3AB2-BB44-C60F64909BED} = {520B86EC-931C-3AB2-BB44-C60F64909BED}
		{A17C2C22-9D24-32F6-BA15-75C9BA5E5EC0} = {A17C2C22-9D24-32F6-BA15-75C9BA5E5EC0}
		{6D52BD56-B47D-37CB-8022-2772F84A2AFD} = {6D52BD56-B47D-37CB-8022-2772F84A2AFD}
		{67015408-1EF2-39CF-A580-0E13E9A2AF05} = {67015408-1EF2-39CF-A580-0E13E9A2AF05}
		{6C7D407E-163A-3B99-A350-59A19360B46D} = {6C7D407E-163A-3B99-A350-59A19360B46D}
	EndProjectSection
EndProject
Project("{8BC9CEB8-8B4A-11D0-8D11-00A0C91BC942}") = "Continuous", "Continuous.vcxproj", "{30DA598A-B9CA-3D51-816E-757E9FC92325}"
	ProjectSection(ProjectDependencies) = postProject
		{8016A145-8283-3D1A-9641-354DA726B948} = {8016A145-8283-3D1A-9641-354DA726B948}
	EndProjectSection
EndProject
Project("{8BC9CEB8-8B4A-11D0-8D11-00A0C91BC942}") = "Experimental", "Experimental.vcxproj", "{874FAB8A-9E06-3A5A-A6F6-52404B46F6CE}"
	ProjectSection(ProjectDependencies) = postProject
		{8016A145-8283-3D1A-9641-354DA726B948} = {8016A145-8283-3D1A-9641-354DA726B948}
	EndProjectSection
EndProject
Project("{8BC9CEB8-8B4A-11D0-8D11-00A0C91BC942}") = "INSTALL", "INSTALL.vcxproj", "{6DCF54B4-856D-343E-9634-90045A8A52BE}"
	ProjectSection(ProjectDependencies) = postProject
		{98281117-2C89-34D7-937E-3C07DBF77930} = {98281117-2C89-34D7-937E-3C07DBF77930}
		{8016A145-8283-3D1A-9641-354DA726B948} = {8016A145-8283-3D1A-9641-354DA726B948}
	EndProjectSection
EndProject
Project("{8BC9CEB8-8B4A-11D0-8D11-00A0C91BC942}") = "Nightly", "Nightly.vcxproj", "{8BDE529C-5568-390B-9C77-50673621DA97}"
	ProjectSection(ProjectDependencies) = postProject
		{8016A145-8283-3D1A-9641-354DA726B948} = {8016A145-8283-3D1A-9641-354DA726B948}
	EndProjectSection
EndProject
Project("{8BC9CEB8-8B4A-11D0-8D11-00A0C91BC942}") = "NightlyMemoryCheck", "NightlyMemoryCheck.vcxproj", "{B85D1145-EB2D-374C-B7B6-693643466DD5}"
	ProjectSection(ProjectDependencies) = postProject
		{8016A145-8283-3D1A-9641-354DA726B948} = {8016A145-8283-3D1A-9641-354DA726B948}
	EndProjectSection
EndProject
Project("{8BC9CEB8-8B4A-11D0-8D11-00A0C91BC942}") = "RUN_TESTS", "RUN_TESTS.vcxproj", "{DD6CD7C3-9D01-3D60-9698-51EDF1DD863D}"
	ProjectSection(ProjectDependencies) = postProject
		{8016A145-8283-3D1A-9641-354DA726B948} = {8016A145-8283-3D1A-9641-354DA726B948}
	EndProjectSection
EndProject
Project("{8BC9CEB8-8B4A-11D0-8D11-00A0C91BC942}") = "ZERO_CHECK", "ZERO_CHECK.vcxproj", "{8016A145-8283-3D1A-9641-354DA726B948}"
	ProjectSection(ProjectDependencies) = postProject
	EndProjectSection
EndProject
Project("{8BC9CEB8-8B4A-11D0-8D11-00A0C91BC942}") = "bench", "bench.vcxproj", "{B8A15D6C-486F-3AEA-B425-BE6EC1D83FC6}"
	ProjectSection(ProjectDependencies) = postProject
		{8016A145-8283-3D1A-9641-354DA726B948} = {8016A145-8283-3D1A-9641-354DA726B948}
		{FB771B72-BA6F-3C4B-BAA9-C3A6D2A30DA8} = {FB771B72-BA6F-3C4B-BAA9-C3A6D2A30DA8}
		{00458991-5030-3256-A8A5-0B2CBB64818B} = {00458991-5030-3256-A8A5-0B2CBB64818B}
	EndProjectSection
EndProject
Project("{8BC9CEB8-8B4A-11D0-8D11-00A0C91BC942}") = "bench_cascade", "bench_cascade.vcxproj", "{00160730-F1E3-3235-B4D1-EE66131A8A9B}"
	ProjectSection(ProjectDependencies) = postProject
		{8016A145-8283-3D1A-9641-354DA726B948} = {8016A145-8283-3D1A-9641-354DA726B948}
		{FB771B72-BA6F-3C4B-BAA9-C3A6D2A30DA8} = {FB771B72-BA6F-3C4B-BAA9-C3A6D2A30DA8}
		{00458991-5030-3256-A8A5-0B2CBB64818B} = {00458991-5030-3256-A8A5-0B2CBB64818B}
	EndProjectSection
EndProject
Project("{8BC9CEB8-8B4A-11D0-8D11-00A0C91BC942}") = "bench_http", "bench_http.vcxproj", "{8B633383-9DAA-3A4A-97A2-AEA278F33A26}"
	ProjectSection(ProjectDependencies) = postProject
		{8016A145-8283-3D1A-9641-354DA726B948} = {8016A145-8283-3D1A-9641-354DA726B948}
		{FB771B72-BA6F-3C4B-BAA9-C3A6D2A30DA8} = {FB771B72-BA6F-3C4B-BAA9-C3A6D2A30DA8}
		{00458991-5030-3256-A8A5-0B2CBB64818B} = {00458991-5030-3256-A8A5-0B2CBB64818B}
	EndProjectSection
EndProject
Project("{8BC9CEB8-8B4A-11D0-8D11-00A0C91BC942}") = "bench_httpclient", "bench_httpclient.vcxproj", "{A1BEA56D-2861-30B4-8982-0706174ED953}"
	ProjectSection(ProjectDependencies) = postProject
		{8016A145-8283-3D1A-9641-354DA726B948} = {8016A145-8283-3D1A-9641-354DA726B948}
		{FB771B72-BA6F-3C4B-BAA9-C3A6D2A30DA8} = {FB771B72-BA6F-3C4B-BAA9-C3A6D2A30DA8}
		{00458991-5030-3256-A8A5-0B2CBB64818B} = {00458991-5030-3256-A8A5-0B2CBB64818B}
	EndProjectSection
EndProject
Project("{8BC9CEB8-8B4A-11D0-8D11-00A0C91BC942}") = "dns-example", "dns-example.vcxproj", "{FC62FB24-D55F-3B29-9E3B-70A78F3C4C63}"
	ProjectSection(ProjectDependencies) = postProject
		{8016A145-8283-3D1A-9641-354DA726B948} = {8016A145-8283-3D1A-9641-354DA726B948}
		{FB771B72-BA6F-3C4B-BAA9-C3A6D2A30DA8} = {FB771B72-BA6F-3C4B-BAA9-C3A6D2A30DA8}
		{00458991-5030-3256-A8A5-0B2CBB64818B} = {00458991-5030-3256-A8A5-0B2CBB64818B}
	EndProjectSection
EndProject
Project("{8BC9CEB8-8B4A-11D0-8D11-00A0C91BC942}") = "event-read-fifo", "event-read-fifo.vcxproj", "{86A1B49D-6A61-3B6D-8E7B-CB6C968D5F9C}"
	ProjectSection(ProjectDependencies) = postProject
		{8016A145-8283-3D1A-9641-354DA726B948} = {8016A145-8283-3D1A-9641-354DA726B948}
		{FB771B72-BA6F-3C4B-BAA9-C3A6D2A30DA8} = {FB771B72-BA6F-3C4B-BAA9-C3A6D2A30DA8}
		{00458991-5030-3256-A8A5-0B2CBB64818B} = {00458991-5030-3256-A8A5-0B2CBB64818B}
	EndProjectSection
EndProject
Project("{8BC9CEB8-8B4A-11D0-8D11-00A0C91BC942}") = "event_core_shared", "event_core_shared.vcxproj", "{FB771B72-BA6F-3C4B-BAA9-C3A6D2A30DA8}"
	ProjectSection(ProjectDependencies) = postProject
		{8016A145-8283-3D1A-9641-354DA726B948} = {8016A145-8283-3D1A-9641-354DA726B948}
	EndProjectSection
EndProject
Project("{8BC9CEB8-8B4A-11D0-8D11-00A0C91BC942}") = "event_extra_shared", "event_extra_shared.vcxproj", "{00458991-5030-3256-A8A5-0B2CBB64818B}"
	ProjectSection(ProjectDependencies) = postProject
		{8016A145-8283-3D1A-9641-354DA726B948} = {8016A145-8283-3D1A-9641-354DA726B948}
		{FB771B72-BA6F-3C4B-BAA9-C3A6D2A30DA8} = {FB771B72-BA6F-3C4B-BAA9-C3A6D2A30DA8}
	EndProjectSection
EndProject
Project("{8BC9CEB8-8B4A-11D0-8D11-00A0C91BC942}") = "event_shared", "event_shared.vcxproj", "{8BD4F55E-F1B1-30E8-A326-941388498D62}"
	ProjectSection(ProjectDependencies) = postProject
		{8016A145-8283-3D1A-9641-354DA726B948} = {8016A145-8283-3D1A-9641-354DA726B948}
	EndProjectSection
EndProject
Project("{8BC9CEB8-8B4A-11D0-8D11-00A0C91BC942}") = "hello-world", "hello-world.vcxproj", "{6D00A6C8-ED83-379D-B07C-143A1893C163}"
	ProjectSection(ProjectDependencies) = postProject
		{8016A145-8283-3D1A-9641-354DA726B948} = {8016A145-8283-3D1A-9641-354DA726B948}
		{FB771B72-BA6F-3C4B-BAA9-C3A6D2A30DA8} = {FB771B72-BA6F-3C4B-BAA9-C3A6D2A30DA8}
		{00458991-5030-3256-A8A5-0B2CBB64818B} = {00458991-5030-3256-A8A5-0B2CBB64818B}
	EndProjectSection
EndProject
Project("{8BC9CEB8-8B4A-11D0-8D11-00A0C91BC942}") = "http-connect", "http-connect.vcxproj", "{D5B660F7-A97A-3FB1-8976-86F0C63CEBDB}"
	ProjectSection(ProjectDependencies) = postProject
		{8016A145-8283-3D1A-9641-354DA726B948} = {8016A145-8283-3D1A-9641-354DA726B948}
		{FB771B72-BA6F-3C4B-BAA9-C3A6D2A30DA8} = {FB771B72-BA6F-3C4B-BAA9-C3A6D2A30DA8}
		{00458991-5030-3256-A8A5-0B2CBB64818B} = {00458991-5030-3256-A8A5-0B2CBB64818B}
	EndProjectSection
EndProject
Project("{8BC9CEB8-8B4A-11D0-8D11-00A0C91BC942}") = "http-server", "http-server.vcxproj", "{82B3A7AB-D1B2-3477-930F-C53E46D265FA}"
	ProjectSection(ProjectDependencies) = postProject
		{8016A145-8283-3D1A-9641-354DA726B948} = {8016A145-8283-3D1A-9641-354DA726B948}
		{FB771B72-BA6F-3C4B-BAA9-C3A6D2A30DA8} = {FB771B72-BA6F-3C4B-BAA9-C3A6D2A30DA8}
		{00458991-5030-3256-A8A5-0B2CBB64818B} = {00458991-5030-3256-A8A5-0B2CBB64818B}
	EndProjectSection
EndProject
Project("{8BC9CEB8-8B4A-11D0-8D11-00A0C91BC942}") = "regress", "regress.vcxproj", "{58A81DD6-558B-325C-9B5D-35FD57825DB5}"
	ProjectSection(ProjectDependencies) = postProject
		{8016A145-8283-3D1A-9641-354DA726B948} = {8016A145-8283-3D1A-9641-354DA726B948}
		{FB771B72-BA6F-3C4B-BAA9-C3A6D2A30DA8} = {FB771B72-BA6F-3C4B-BAA9-C3A6D2A30DA8}
		{00458991-5030-3256-A8A5-0B2CBB64818B} = {00458991-5030-3256-A8A5-0B2CBB64818B}
	EndProjectSection
EndProject
Project("{8BC9CEB8-8B4A-11D0-8D11-00A0C91BC942}") = "signal-test", "signal-test.vcxproj", "{78587F11-E4A1-3B33-B52F-90BFAA6E71CE}"
	ProjectSection(ProjectDependencies) = postProject
		{8016A145-8283-3D1A-9641-354DA726B948} = {8016A145-8283-3D1A-9641-354DA726B948}
		{FB771B72-BA6F-3C4B-BAA9-C3A6D2A30DA8} = {FB771B72-BA6F-3C4B-BAA9-C3A6D2A30DA8}
		{00458991-5030-3256-A8A5-0B2CBB64818B} = {00458991-5030-3256-A8A5-0B2CBB64818B}
	EndProjectSection
EndProject
Project("{8BC9CEB8-8B4A-11D0-8D11-00A0C91BC942}") = "test-changelist", "test-changelist.vcxproj", "{E8109CF0-40D3-3FF8-A4FB-66CE7762F10E}"
	ProjectSection(ProjectDependencies) = postProject
		{8016A145-8283-3D1A-9641-354DA726B948} = {8016A145-8283-3D1A-9641-354DA726B948}
		{FB771B72-BA6F-3C4B-BAA9-C3A6D2A30DA8} = {FB771B72-BA6F-3C4B-BAA9-C3A6D2A30DA8}
		{00458991-5030-3256-A8A5-0B2CBB64818B} = {00458991-5030-3256-A8A5-0B2CBB64818B}
	EndProjectSection
EndProject
Project("{8BC9CEB8-8B4A-11D0-8D11-00A0C91BC942}") = "test-dumpevents", "test-dumpevents.vcxproj", "{D6D2B982-253F-3E54-BD1F-5A168360CD1A}"
	ProjectSection(ProjectDependencies) = postProject
		{8016A145-8283-3D1A-9641-354DA726B948} = {8016A145-8283-3D1A-9641-354DA726B948}
		{FB771B72-BA6F-3C4B-BAA9-C3A6D2A30DA8} = {FB771B72-BA6F-3C4B-BAA9-C3A6D2A30DA8}
		{00458991-5030-3256-A8A5-0B2CBB64818B} = {00458991-5030-3256-A8A5-0B2CBB64818B}
	EndProjectSection
EndProject
Project("{8BC9CEB8-8B4A-11D0-8D11-00A0C91BC942}") = "test-eof", "test-eof.vcxproj", "{7CF54AD5-A822-336D-B70A-6657CDC83DD3}"
	ProjectSection(ProjectDependencies) = postProject
		{8016A145-8283-3D1A-9641-354DA726B948} = {8016A145-8283-3D1A-9641-354DA726B948}
		{FB771B72-BA6F-3C4B-BAA9-C3A6D2A30DA8} = {FB771B72-BA6F-3C4B-BAA9-C3A6D2A30DA8}
		{00458991-5030-3256-A8A5-0B2CBB64818B} = {00458991-5030-3256-A8A5-0B2CBB64818B}
	EndProjectSection
EndProject
Project("{8BC9CEB8-8B4A-11D0-8D11-00A0C91BC942}") = "test-fdleak", "test-fdleak.vcxproj", "{C7C50534-2791-3355-B25A-1ECD4F4851C1}"
	ProjectSection(ProjectDependencies) = postProject
		{8016A145-8283-3D1A-9641-354DA726B948} = {8016A145-8283-3D1A-9641-354DA726B948}
		{FB771B72-BA6F-3C4B-BAA9-C3A6D2A30DA8} = {FB771B72-BA6F-3C4B-BAA9-C3A6D2A30DA8}
		{00458991-5030-3256-A8A5-0B2CBB64818B} = {00458991-5030-3256-A8A5-0B2CBB64818B}
	EndProjectSection
EndProject
Project("{8BC9CEB8-8B4A-11D0-8D11-00A0C91BC942}") = "test-init", "test-init.vcxproj", "{8F47BD17-8815-3785-97DC-C581C80D74D3}"
	ProjectSection(ProjectDependencies) = postProject
		{8016A145-8283-3D1A-9641-354DA726B948} = {8016A145-8283-3D1A-9641-354DA726B948}
		{FB771B72-BA6F-3C4B-BAA9-C3A6D2A30DA8} = {FB771B72-BA6F-3C4B-BAA9-C3A6D2A30DA8}
		{00458991-5030-3256-A8A5-0B2CBB64818B} = {00458991-5030-3256-A8A5-0B2CBB64818B}
	EndProjectSection
EndProject
Project("{8BC9CEB8-8B4A-11D0-8D11-00A0C91BC942}") = "test-ratelim", "test-ratelim.vcxproj", "{520B86EC-931C-3AB2-BB44-C60F64909BED}"
	ProjectSection(ProjectDependencies) = postProject
		{8016A145-8283-3D1A-9641-354DA726B948} = {8016A145-8283-3D1A-9641-354DA726B948}
		{FB771B72-BA6F-3C4B-BAA9-C3A6D2A30DA8} = {FB771B72-BA6F-3C4B-BAA9-C3A6D2A30DA8}
		{00458991-5030-3256-A8A5-0B2CBB64818B} = {00458991-5030-3256-A8A5-0B2CBB64818B}
	EndProjectSection
EndProject
Project("{8BC9CEB8-8B4A-11D0-8D11-00A0C91BC942}") = "test-time", "test-time.vcxproj", "{A17C2C22-9D24-32F6-BA15-75C9BA5E5EC0}"
	ProjectSection(ProjectDependencies) = postProject
		{8016A145-8283-3D1A-9641-354DA726B948} = {8016A145-8283-3D1A-9641-354DA726B948}
		{FB771B72-BA6F-3C4B-BAA9-C3A6D2A30DA8} = {FB771B72-BA6F-3C4B-BAA9-C3A6D2A30DA8}
		{00458991-5030-3256-A8A5-0B2CBB64818B} = {00458991-5030-3256-A8A5-0B2CBB64818B}
	EndProjectSection
EndProject
Project("{8BC9CEB8-8B4A-11D0-8D11-00A0C91BC942}") = "test-weof", "test-weof.vcxproj", "{6D52BD56-B47D-37CB-8022-2772F84A2AFD}"
	ProjectSection(ProjectDependencies) = postProject
		{8016A145-8283-3D1A-9641-354DA726B948} = {8016A145-8283-3D1A-9641-354DA726B948}
		{FB771B72-BA6F-3C4B-BAA9-C3A6D2A30DA8} = {FB771B72-BA6F-3C4B-BAA9-C3A6D2A30DA8}
		{00458991-5030-3256-A8A5-0B2CBB64818B} = {00458991-5030-3256-A8A5-0B2CBB64818B}
	EndProjectSection
EndProject
Project("{8BC9CEB8-8B4A-11D0-8D11-00A0C91BC942}") = "time-test", "time-test.vcxproj", "{67015408-1EF2-39CF-A580-0E13E9A2AF05}"
	ProjectSection(ProjectDependencies) = postProject
		{8016A145-8283-3D1A-9641-354DA726B948} = {8016A145-8283-3D1A-9641-354DA726B948}
		{FB771B72-BA6F-3C4B-BAA9-C3A6D2A30DA8} = {FB771B72-BA6F-3C4B-BAA9-C3A6D2A30DA8}
		{00458991-5030-3256-A8A5-0B2CBB64818B} = {00458991-5030-3256-A8A5-0B2CBB64818B}
	EndProjectSection
EndProject
Project("{8BC9CEB8-8B4A-11D0-8D11-00A0C91BC942}") = "uninstall", "uninstall.vcxproj", "{372B5CBB-E877-3FF9-810D-2520D616A8FA}"
	ProjectSection(ProjectDependencies) = postProject
		{8016A145-8283-3D1A-9641-354DA726B948} = {8016A145-8283-3D1A-9641-354DA726B948}
	EndProjectSection
EndProject
Project("{8BC9CEB8-8B4A-11D0-8D11-00A0C91BC942}") = "verify", "verify.vcxproj", "{5D235A54-A7DF-39D5-83C1-79523BF8FD39}"
	ProjectSection(ProjectDependencies) = postProject
		{8016A145-8283-3D1A-9641-354DA726B948} = {8016A145-8283-3D1A-9641-354DA726B948}
		{58A81DD6-558B-325C-9B5D-35FD57825DB5} = {58A81DD6-558B-325C-9B5D-35FD57825DB5}
		{E8109CF0-40D3-3FF8-A4FB-66CE7762F10E} = {E8109CF0-40D3-3FF8-A4FB-66CE7762F10E}
		{D6D2B982-253F-3E54-BD1F-5A168360CD1A} = {D6D2B982-253F-3E54-BD1F-5A168360CD1A}
		{7CF54AD5-A822-336D-B70A-6657CDC83DD3} = {7CF54AD5-A822-336D-B70A-6657CDC83DD3}
		{C7C50534-2791-3355-B25A-1ECD4F4851C1} = {C7C50534-2791-3355-B25A-1ECD4F4851C1}
		{8F47BD17-8815-3785-97DC-C581C80D74D3} = {8F47BD17-8815-3785-97DC-C581C80D74D3}
		{520B86EC-931C-3AB2-BB44-C60F64909BED} = {520B86EC-931C-3AB2-BB44-C60F64909BED}
		{A17C2C22-9D24-32F6-BA15-75C9BA5E5EC0} = {A17C2C22-9D24-32F6-BA15-75C9BA5E5EC0}
		{6D52BD56-B47D-37CB-8022-2772F84A2AFD} = {6D52BD56-B47D-37CB-8022-2772F84A2AFD}
	EndProjectSection
EndProject
Project("{8BC9CEB8-8B4A-11D0-8D11-00A0C91BC942}") = "watch-timing", "watch-timing.vcxproj", "{6C7D407E-163A-3B99-A350-59A19360B46D}"
	ProjectSection(ProjectDependencies) = postProject
		{8016A145-8283-3D1A-9641-354DA726B948} = {8016A145-8283-3D1A-9641-354DA726B948}
		{FB771B72-BA6F-3C4B-BAA9-C3A6D2A30DA8} = {FB771B72-BA6F-3C4B-BAA9-C3A6D2A30DA8}
		{00458991-5030-3256-A8A5-0B2CBB64818B} = {00458991-5030-3256-A8A5-0B2CBB64818B}
	EndProjectSection
EndProject
Global
	GlobalSection(SolutionConfigurationPlatforms) = preSolution
		Debug|Win32 = Debug|Win32
		Release|Win32 = Release|Win32
	EndGlobalSection
	GlobalSection(ProjectConfigurationPlatforms) = postSolution
		{98281117-2C89-34D7-937E-3C07DBF77930}.Debug|Win32.ActiveCfg = Debug|Win32
		{98281117-2C89-34D7-937E-3C07DBF77930}.Debug|Win32.Build.0 = Debug|Win32
		{98281117-2C89-34D7-937E-3C07DBF77930}.Release|Win32.ActiveCfg = Release|Win32
		{98281117-2C89-34D7-937E-3C07DBF77930}.Release|Win32.Build.0 = Release|Win32
		{30DA598A-B9CA-3D51-816E-757E9FC92325}.Debug|Win32.ActiveCfg = Debug|Win32
		{30DA598A-B9CA-3D51-816E-757E9FC92325}.Release|Win32.ActiveCfg = Release|Win32
		{874FAB8A-9E06-3A5A-A6F6-52404B46F6CE}.Debug|Win32.ActiveCfg = Debug|Win32
		{874FAB8A-9E06-3A5A-A6F6-52404B46F6CE}.Release|Win32.ActiveCfg = Release|Win32
		{6DCF54B4-856D-343E-9634-90045A8A52BE}.Debug|Win32.ActiveCfg = Debug|Win32
		{6DCF54B4-856D-343E-9634-90045A8A52BE}.Release|Win32.ActiveCfg = Release|Win32
		{8BDE529C-5568-390B-9C77-50673621DA97}.Debug|Win32.ActiveCfg = Debug|Win32
		{8BDE529C-5568-390B-9C77-50673621DA97}.Release|Win32.ActiveCfg = Release|Win32
		{B85D1145-EB2D-374C-B7B6-693643466DD5}.Debug|Win32.ActiveCfg = Debug|Win32
		{B85D1145-EB2D-374C-B7B6-693643466DD5}.Release|Win32.ActiveCfg = Release|Win32
		{DD6CD7C3-9D01-3D60-9698-51EDF1DD863D}.Debug|Win32.ActiveCfg = Debug|Win32
		{DD6CD7C3-9D01-3D60-9698-51EDF1DD863D}.Release|Win32.ActiveCfg = Release|Win32
		{8016A145-8283-3D1A-9641-354DA726B948}.Debug|Win32.ActiveCfg = Debug|Win32
		{8016A145-8283-3D1A-9641-354DA726B948}.Debug|Win32.Build.0 = Debug|Win32
		{8016A145-8283-3D1A-9641-354DA726B948}.Release|Win32.ActiveCfg = Release|Win32
		{8016A145-8283-3D1A-9641-354DA726B948}.Release|Win32.Build.0 = Release|Win32
		{B8A15D6C-486F-3AEA-B425-BE6EC1D83FC6}.Debug|Win32.ActiveCfg = Debug|Win32
		{B8A15D6C-486F-3AEA-B425-BE6EC1D83FC6}.Debug|Win32.Build.0 = Debug|Win32
		{B8A15D6C-486F-3AEA-B425-BE6EC1D83FC6}.Release|Win32.ActiveCfg = Release|Win32
		{B8A15D6C-486F-3AEA-B425-BE6EC1D83FC6}.Release|Win32.Build.0 = Release|Win32
		{00160730-F1E3-3235-B4D1-EE66131A8A9B}.Debug|Win32.ActiveCfg = Debug|Win32
		{00160730-F1E3-3235-B4D1-EE66131A8A9B}.Debug|Win32.Build.0 = Debug|Win32
		{00160730-F1E3-3235-B4D1-EE66131A8A9B}.Release|Win32.ActiveCfg = Release|Win32
		{00160730-F1E3-3235-B4D1-EE66131A8A9B}.Release|Win32.Build.0 = Release|Win32
		{8B633383-9DAA-3A4A-97A2-AEA278F33A26}.Debug|Win32.ActiveCfg = Debug|Win32
		{8B633383-9DAA-3A4A-97A2-AEA278F33A26}.Debug|Win32.Build.0 = Debug|Win32
		{8B633383-9DAA-3A4A-97A2-AEA278F33A26}.Release|Win32.ActiveCfg = Release|Win32
		{8B633383-9DAA-3A4A-97A2-AEA278F33A26}.Release|Win32.Build.0 = Release|Win32
		{A1BEA56D-2861-30B4-8982-0706174ED953}.Debug|Win32.ActiveCfg = Debug|Win32
		{A1BEA56D-2861-30B4-8982-0706174ED953}.Debug|Win32.Build.0 = Debug|Win32
		{A1BEA56D-2861-30B4-8982-0706174ED953}.Release|Win32.ActiveCfg = Release|Win32
		{A1BEA56D-2861-30B4-8982-0706174ED953}.Release|Win32.Build.0 = Release|Win32
		{FC62FB24-D55F-3B29-9E3B-70A78F3C4C63}.Debug|Win32.ActiveCfg = Debug|Win32
		{FC62FB24-D55F-3B29-9E3B-70A78F3C4C63}.Debug|Win32.Build.0 = Debug|Win32
		{FC62FB24-D55F-3B29-9E3B-70A78F3C4C63}.Release|Win32.ActiveCfg = Release|Win32
		{FC62FB24-D55F-3B29-9E3B-70A78F3C4C63}.Release|Win32.Build.0 = Release|Win32
		{86A1B49D-6A61-3B6D-8E7B-CB6C968D5F9C}.Debug|Win32.ActiveCfg = Debug|Win32
		{86A1B49D-6A61-3B6D-8E7B-CB6C968D5F9C}.Debug|Win32.Build.0 = Debug|Win32
		{86A1B49D-6A61-3B6D-8E7B-CB6C968D5F9C}.Release|Win32.ActiveCfg = Release|Win32
		{86A1B49D-6A61-3B6D-8E7B-CB6C968D5F9C}.Release|Win32.Build.0 = Release|Win32
		{FB771B72-BA6F-3C4B-BAA9-C3A6D2A30DA8}.Debug|Win32.ActiveCfg = Debug|Win32
		{FB771B72-BA6F-3C4B-BAA9-C3A6D2A30DA8}.Debug|Win32.Build.0 = Debug|Win32
		{FB771B72-BA6F-3C4B-BAA9-C3A6D2A30DA8}.Release|Win32.ActiveCfg = Release|Win32
		{FB771B72-BA6F-3C4B-BAA9-C3A6D2A30DA8}.Release|Win32.Build.0 = Release|Win32
		{00458991-5030-3256-A8A5-0B2CBB64818B}.Debug|Win32.ActiveCfg = Debug|Win32
		{00458991-5030-3256-A8A5-0B2CBB64818B}.Debug|Win32.Build.0 = Debug|Win32
		{00458991-5030-3256-A8A5-0B2CBB64818B}.Release|Win32.ActiveCfg = Release|Win32
		{00458991-5030-3256-A8A5-0B2CBB64818B}.Release|Win32.Build.0 = Release|Win32
		{8BD4F55E-F1B1-30E8-A326-941388498D62}.Debug|Win32.ActiveCfg = Debug|Win32
		{8BD4F55E-F1B1-30E8-A326-941388498D62}.Debug|Win32.Build.0 = Debug|Win32
		{8BD4F55E-F1B1-30E8-A326-941388498D62}.Release|Win32.ActiveCfg = Release|Win32
		{8BD4F55E-F1B1-30E8-A326-941388498D62}.Release|Win32.Build.0 = Release|Win32
		{6D00A6C8-ED83-379D-B07C-143A1893C163}.Debug|Win32.ActiveCfg = Debug|Win32
		{6D00A6C8-ED83-379D-B07C-143A1893C163}.Debug|Win32.Build.0 = Debug|Win32
		{6D00A6C8-ED83-379D-B07C-143A1893C163}.Release|Win32.ActiveCfg = Release|Win32
		{6D00A6C8-ED83-379D-B07C-143A1893C163}.Release|Win32.Build.0 = Release|Win32
		{D5B660F7-A97A-3FB1-8976-86F0C63CEBDB}.Debug|Win32.ActiveCfg = Debug|Win32
		{D5B660F7-A97A-3FB1-8976-86F0C63CEBDB}.Debug|Win32.Build.0 = Debug|Win32
		{D5B660F7-A97A-3FB1-8976-86F0C63CEBDB}.Release|Win32.ActiveCfg = Release|Win32
		{D5B660F7-A97A-3FB1-8976-86F0C63CEBDB}.Release|Win32.Build.0 = Release|Win32
		{82B3A7AB-D1B2-3477-930F-C53E46D265FA}.Debug|Win32.ActiveCfg = Debug|Win32
		{82B3A7AB-D1B2-3477-930F-C53E46D265FA}.Debug|Win32.Build.0 = Debug|Win32
		{82B3A7AB-D1B2-3477-930F-C53E46D265FA}.Release|Win32.ActiveCfg = Release|Win32
		{82B3A7AB-D1B2-3477-930F-C53E46D265FA}.Release|Win32.Build.0 = Release|Win32
		{58A81DD6-558B-325C-9B5D-35FD57825DB5}.Debug|Win32.ActiveCfg = Debug|Win32
		{58A81DD6-558B-325C-9B5D-35FD57825DB5}.Debug|Win32.Build.0 = Debug|Win32
		{58A81DD6-558B-325C-9B5D-35FD57825DB5}.Release|Win32.ActiveCfg = Release|Win32
		{58A81DD6-558B-325C-9B5D-35FD57825DB5}.Release|Win32.Build.0 = Release|Win32
		{78587F11-E4A1-3B33-B52F-90BFAA6E71CE}.Debug|Win32.ActiveCfg = Debug|Win32
		{78587F11-E4A1-3B33-B52F-90BFAA6E71CE}.Debug|Win32.Build.0 = Debug|Win32
		{78587F11-E4A1-3B33-B52F-90BFAA6E71CE}.Release|Win32.ActiveCfg = Release|Win32
		{78587F11-E4A1-3B33-B52F-90BFAA6E71CE}.Release|Win32.Build.0 = Release|Win32
		{E8109CF0-40D3-3FF8-A4FB-66CE7762F10E}.Debug|Win32.ActiveCfg = Debug|Win32
		{E8109CF0-40D3-3FF8-A4FB-66CE7762F10E}.Debug|Win32.Build.0 = Debug|Win32
		{E8109CF0-40D3-3FF8-A4FB-66CE7762F10E}.Release|Win32.ActiveCfg = Release|Win32
		{E8109CF0-40D3-3FF8-A4FB-66CE7762F10E}.Release|Win32.Build.0 = Release|Win32
		{D6D2B982-253F-3E54-BD1F-5A168360CD1A}.Debug|Win32.ActiveCfg = Debug|Win32
		{D6D2B982-253F-3E54-BD1F-5A168360CD1A}.Debug|Win32.Build.0 = Debug|Win32
		{D6D2B982-253F-3E54-BD1F-5A168360CD1A}.Release|Win32.ActiveCfg = Release|Win32
		{D6D2B982-253F-3E54-BD1F-5A168360CD1A}.Release|Win32.Build.0 = Release|Win32
		{7CF54AD5-A822-336D-B70A-6657CDC83DD3}.Debug|Win32.ActiveCfg = Debug|Win32
		{7CF54AD5-A822-336D-B70A-6657CDC83DD3}.Debug|Win32.Build.0 = Debug|Win32
		{7CF54AD5-A822-336D-B70A-6657CDC83DD3}.Release|Win32.ActiveCfg = Release|Win32
		{7CF54AD5-A822-336D-B70A-6657CDC83DD3}.Release|Win32.Build.0 = Release|Win32
		{C7C50534-2791-3355-B25A-1ECD4F4851C1}.Debug|Win32.ActiveCfg = Debug|Win32
		{C7C50534-2791-3355-B25A-1ECD4F4851C1}.Debug|Win32.Build.0 = Debug|Win32
		{C7C50534-2791-3355-B25A-1ECD4F4851C1}.Release|Win32.ActiveCfg = Release|Win32
		{C7C50534-2791-3355-B25A-1ECD4F4851C1}.Release|Win32.Build.0 = Release|Win32
		{8F47BD17-8815-3785-97DC-C581C80D74D3}.Debug|Win32.ActiveCfg = Debug|Win32
		{8F47BD17-8815-3785-97DC-C581C80D74D3}.Debug|Win32.Build.0 = Debug|Win32
		{8F47BD17-8815-3785-97DC-C581C80D74D3}.Release|Win32.ActiveCfg = Release|Win32
		{8F47BD17-8815-3785-97DC-C581C80D74D3}.Release|Win32.Build.0 = Release|Win32
		{520B86EC-931C-3AB2-BB44-C60F64909BED}.Debug|Win32.ActiveCfg = Debug|Win32
		{520B86EC-931C-3AB2-BB44-C60F64909BED}.Debug|Win32.Build.0 = Debug|Win32
		{520B86EC-931C-3AB2-BB44-C60F64909BED}.Release|Win32.ActiveCfg = Release|Win32
		{520B86EC-931C-3AB2-BB44-C60F64909BED}.Release|Win32.Build.0 = Release|Win32
		{A17C2C22-9D24-32F6-BA15-75C9BA5E5EC0}.Debug|Win32.ActiveCfg = Debug|Win32
		{A17C2C22-9D24-32F6-BA15-75C9BA5E5EC0}.Debug|Win32.Build.0 = Debug|Win32
		{A17C2C22-9D24-32F6-BA15-75C9BA5E5EC0}.Release|Win32.ActiveCfg = Release|Win32
		{A17C2C22-9D24-32F6-BA15-75C9BA5E5EC0}.Release|Win32.Build.0 = Release|Win32
		{6D52BD56-B47D-37CB-8022-2772F84A2AFD}.Debug|Win32.ActiveCfg = Debug|Win32
		{6D52BD56-B47D-37CB-8022-2772F84A2AFD}.Debug|Win32.Build.0 = Debug|Win32
		{6D52BD56-B47D-37CB-8022-2772F84A2AFD}.Release|Win32.ActiveCfg = Release|Win32
		{6D52BD56-B47D-37CB-8022-2772F84A2AFD}.Release|Win32.Build.0 = Release|Win32
		{67015408-1EF2-39CF-A580-0E13E9A2AF05}.Debug|Win32.ActiveCfg = Debug|Win32
		{67015408-1EF2-39CF-A580-0E13E9A2AF05}.Debug|Win32.Build.0 = Debug|Win32
		{67015408-1EF2-39CF-A580-0E13E9A2AF05}.Release|Win32.ActiveCfg = Release|Win32
		{67015408-1EF2-39CF-A580-0E13E9A2AF05}.Release|Win32.Build.0 = Release|Win32
		{372B5CBB-E877-3FF9-810D-2520D616A8FA}.Debug|Win32.ActiveCfg = Debug|Win32
		{372B5CBB-E877-3FF9-810D-2520D616A8FA}.Release|Win32.ActiveCfg = Release|Win32
		{5D235A54-A7DF-39D5-83C1-79523BF8FD39}.Debug|Win32.ActiveCfg = Debug|Win32
		{5D235A54-A7DF-39D5-83C1-79523BF8FD39}.Release|Win32.ActiveCfg = Release|Win32
		{6C7D407E-163A-3B99-A350-59A19360B46D}.Debug|Win32.ActiveCfg = Debug|Win32
		{6C7D407E-163A-3B99-A350-59A19360B46D}.Debug|Win32.Build.0 = Debug|Win32
		{6C7D407E-163A-3B99-A350-59A19360B46D}.Release|Win32.ActiveCfg = Release|Win32
		{6C7D407E-163A-3B99-A350-59A19360B46D}.Release|Win32.Build.0 = Release|Win32
	EndGlobalSection
	GlobalSection(ExtensibilityGlobals) = postSolution
		SolutionGuid = {9364C12B-59B5-3A7F-9CDF-5004E1B925E1}
	EndGlobalSection
	GlobalSection(ExtensibilityAddIns) = postSolution
	EndGlobalSection
EndGlobal
