<?xml version="1.0" encoding="utf-8"?>
<Project ToolsVersion="12.0" xmlns="http://schemas.microsoft.com/developer/msbuild/2003">
  <ItemGroup>
    <ClCompile Include="D:\Henry\GitHubSource\libevent\test\test-ratelim.c">
      <Filter>Source Files</Filter>
    </ClCompile>
  </ItemGroup>
  <ItemGroup>
    <CustomBuild Include="D:\Henry\GitHubSource\libevent\CMakeLists.txt" />
  </ItemGroup>
  <ItemGroup>
    <Filter Include="Source Files">
      <UniqueIdentifier>{7704D57C-9273-377E-AB23-FF2CE7FACA61}</UniqueIdentifier>
    </Filter>
  </ItemGroup>
</Project>
